# THIS IS AN AUTOGENERATED FILE. DO NOT EDIT THIS FILE DIRECTLY.
# yarn lockfile v1


chart.js@2.7.1:
  version "2.7.1"
  resolved "https://registry.yarnpkg.com/chart.js/-/chart.js-2.7.1.tgz#ae90b4aa4ff1f02decd6b1a2a8dabfd73c9f9886"
  integrity sha512-pX1oQAY86MiuyZ2hY593Acbl4MLHKrBBhhmZ1YqSadzQbbsBE2rnd6WISoHjIsdf0WDeC0hbePYCz2ZxkV8L+g==
  dependencies:
    chartjs-color "~2.2.0"
    moment "~2.18.0"

chartjs-color-string@^0.5.0:
  version "0.5.0"
  resolved "https://registry.yarnpkg.com/chartjs-color-string/-/chartjs-color-string-0.5.0.tgz#8d3752d8581d86687c35bfe2cb80ac5213ceb8c1"
  integrity sha512-amWNvCOXlOUYxZVDSa0YOab5K/lmEhbFNKI55PWc4mlv28BDzA7zaoQTGxSBgJMHIW+hGX8YUrvw/FH4LyhwSQ==
  dependencies:
    color-name "^1.0.0"

chartjs-color@~2.2.0:
  version "2.2.0"
  resolved "https://registry.yarnpkg.com/chartjs-color/-/chartjs-color-2.2.0.tgz#84a2fb755787ed85c39dd6dd8c7b1d88429baeae"
  integrity sha1-hKL7dVeH7YXDndbdjHsdiEKbrq4=
  dependencies:
    chartjs-color-string "^0.5.0"
    color-convert "^0.5.3"

color-convert@^0.5.3:
  version "0.5.3"
  resolved "https://registry.yarnpkg.com/color-convert/-/color-convert-0.5.3.tgz#bdb6c69ce660fadffe0b0007cc447e1b9f7282bd"
  integrity sha1-vbbGnOZg+t/+CwAHzER+G59ygr0=

color-name@^1.0.0:
  version "1.1.4"
  resolved "https://registry.yarnpkg.com/color-name/-/color-name-1.1.4.tgz#c2a09a87acbde69543de6f63fa3995c826c536a2"
  integrity sha512-dOy+3AuW3a2wNbZHIuMZpTcgjGuLU/uBL/ubcZF9OXbDo8ff4O8yVp5Bf0efS8uEoYo5q4Fx7dY9OgQGXgAsQA==

moment@~2.18.0:
  version "2.18.1"
  resolved "https://registry.yarnpkg.com/moment/-/moment-2.18.1.tgz#c36193dd3ce1c2eed2adb7c802dbbc77a81b1c0f"
  integrity sha1-w2GT3Tzhwu7SrbfIAtu8d6gbHA8=

randomcolor@0.5.3:
  version "0.5.3"
  resolved "https://registry.yarnpkg.com/randomcolor/-/randomcolor-0.5.3.tgz#7f90f2f2a7f6d5a52232161eeaeeaea9ac3b5815"
  integrity sha1-f5Dy8qf21aUiMhYe6u6uqaw7WBU=
